
Microsoft Visual Studio Solution File, Format Version 12.00
# Visual Studio Version 16
VisualStudioVersion = 16.0.29025.244
MinimumVisualStudioVersion = 10.0.40219.1
Project("{FAE04EC0-301F-11D3-BF4B-00C04F79EFBC}") = "ChanSort", "ChanSort\ChanSort.csproj", "{5FAFDABC-A52F-498C-BD2F-AFFC4119797A}"
	ProjectSection(ProjectDependencies) = postProject
		{33897002-0537-49A4-B963-A18D17311B3D} = {33897002-0537-49A4-B963-A18D17311B3D}
		{74A18C6F-09FF-413E-90D9-827066FA5B36} = {74A18C6F-09FF-413E-90D9-827066FA5B36}
		{68DA8072-3A29-4076-9F64-D66F38349585} = {68DA8072-3A29-4076-9F64-D66F38349585}
		{A1C9A98D-368A-44E8-9B7F-7EACA46C9EC5} = {A1C9A98D-368A-44E8-9B7F-7EACA46C9EC5}
		{F6F02792-07F1-48D5-9AF3-F945CA5E3931} = {F6F02792-07F1-48D5-9AF3-F945CA5E3931}
		{E972D8A1-2F5F-421C-AC91-CFF45E5191BE} = {E972D8A1-2F5F-421C-AC91-CFF45E5191BE}
		{5361C8CB-F737-4709-AF8C-E1F0456F3C5B} = {5361C8CB-F737-4709-AF8C-E1F0456F3C5B}
		{D093E7EE-D3AD-4E7B-AF82-C6918CA017FB} = {D093E7EE-D3AD-4E7B-AF82-C6918CA017FB}
	EndProjectSection
EndProject
Project("{FAE04EC0-301F-11D3-BF4B-00C04F79EFBC}") = "ChanSort.Api", "ChanSort.Api\ChanSort.Api.csproj", "{DCCFFA08-472B-4D17-BB90-8F513FC01392}"
EndProject
Project("{FAE04EC0-301F-11D3-BF4B-00C04F79EFBC}") = "ChanSort.Loader.LG", "ChanSort.Loader.LG\ChanSort.Loader.LG.csproj", "{E972D8A1-2F5F-421C-AC91-CFF45E5191BE}"
EndProject
Project("{2150E333-8FDC-42A3-9474-1A3956D46DE8}") = "Solution Items", "Solution Items", "{67AED502-8AEB-45F2-9B95-AC42B6A5D2C4}"
	ProjectSection(SolutionItems) = preProject
		changelog.md = changelog.md
		..\readme.md = ..\readme.md
		..\readme_de.md = ..\readme_de.md
	EndProjectSection
EndProject
Project("{FAE04EC0-301F-11D3-BF4B-00C04F79EFBC}") = "Test.Loader", "Test.Loader\Test.Loader.csproj", "{68CFCB2F-B52A-43A1-AA5C-5D64A1D655D2}"
EndProject
Project("{FAE04EC0-301F-11D3-BF4B-00C04F79EFBC}") = "ChanSort.Loader.Samsung", "ChanSort.Loader.Samsung\ChanSort.Loader.Samsung.csproj", "{A1C9A98D-368A-44E8-9B7F-7EACA46C9EC5}"
EndProject
Project("{FAE04EC0-301F-11D3-BF4B-00C04F79EFBC}") = "ChanSort.Loader.Toshiba", "ChanSort.Loader.Toshiba\ChanSort.Loader.Toshiba.csproj", "{F6F02792-07F1-48D5-9AF3-F945CA5E3931}"
EndProject
Project("{FAE04EC0-301F-11D3-BF4B-00C04F79EFBC}") = "ChanSort.Loader.Panasonic", "ChanSort.Loader.Panasonic\ChanSort.Loader.Panasonic.csproj", "{68DA8072-3A29-4076-9F64-D66F38349585}"
EndProject
Project("{FAE04EC0-301F-11D3-BF4B-00C04F79EFBC}") = "Test.Loader.LG", "Test.Loader.LG\Test.Loader.LG.csproj", "{F943DBFE-D3C3-4885-A38B-375148012FEC}"
EndProject
Project("{FAE04EC0-301F-11D3-BF4B-00C04F79EFBC}") = "ChanSort.Loader.VDR", "ChanSort.Loader.VDR\ChanSort.Loader.VDR.csproj", "{74A18C6F-09FF-413E-90D9-827066FA5B36}"
EndProject
Project("{FAE04EC0-301F-11D3-BF4B-00C04F79EFBC}") = "ChanSort.Loader.GlobalClone", "ChanSort.Loader.GlobalClone\ChanSort.Loader.GlobalClone.csproj", "{5361C8CB-F737-4709-AF8C-E1F0456F3C5B}"
EndProject
Project("{FAE04EC0-301F-11D3-BF4B-00C04F79EFBC}") = "ChanSort.Loader.SamsungJ", "ChanSort.Loader.SamsungJ\ChanSort.Loader.SamsungJ.csproj", "{33897002-0537-49A4-B963-A18D17311B3D}"
EndProject
Project("{FAE04EC0-301F-11D3-BF4B-00C04F79EFBC}") = "ChanSort.Loader.Hisense", "ChanSort.Loader.Hisense\ChanSort.Loader.Hisense.csproj", "{D093E7EE-D3AD-4E7B-AF82-C6918CA017FB}"
EndProject
Project("{FAE04EC0-301F-11D3-BF4B-00C04F79EFBC}") = "Test.Loader.Samsung", "Test.Loader.Samsung\Test.Loader.Samsung.csproj", "{1ED68A9B-6698-4609-B9E6-8E08B6055F2E}"
EndProject
Project("{FAE04EC0-301F-11D3-BF4B-00C04F79EFBC}") = "ChanSort.Loader.Hisense2017", "ChanSort.Loader.Hisense2017\ChanSort.Loader.Hisense2017.csproj", "{9282E1DB-CD1F-400A-ACA1-17E0C4562ACF}"
EndProject
Project("{FAE04EC0-301F-11D3-BF4B-00C04F79EFBC}") = "ChanSort.Loader.SilvaSchneider", "ChanSort.Loader.SilvaSchneider\ChanSort.Loader.SilvaSchneider.csproj", "{E6279FF8-362A-41E6-AC0D-D0861D43F01C}"
EndProject
Project("{FAE04EC0-301F-11D3-BF4B-00C04F79EFBC}") = "ChanSort.Loader.Sony", "ChanSort.Loader.Sony\ChanSort.Loader.Sony.csproj", "{70E29C6B-B926-4859-9548-23375BF1E1B5}"
EndProject
Project("{FAE04EC0-301F-11D3-BF4B-00C04F79EFBC}") = "ChanSort.Loader.PhilipsXml", "ChanSort.Loader.PhilipsXml\ChanSort.Loader.PhilipsXml.csproj", "{D7BAFD55-50F5-46C3-A76B-2193BED5358F}"
EndProject
Project("{FAE04EC0-301F-11D3-BF4B-00C04F79EFBC}") = "Test.Loader.GlobalClone", "Test.Loader.GlobalClone\Test.Loader.GlobalClone.csproj", "{AA31A65D-9437-42AE-89C8-98C7392B450D}"
EndProject
Project("{FAE04EC0-301F-11D3-BF4B-00C04F79EFBC}") = "Test.Loader.Panasonic", "Test.Loader.Panasonic\Test.Loader.Panasonic.csproj", "{D1E4454F-DB09-402D-AD87-1E3BD17266A9}"
EndProject
Project("{FAE04EC0-301F-11D3-BF4B-00C04F79EFBC}") = "Test.Loader.Hisense", "Test.Loader.Hisense\Test.Loader.Hisense.csproj", "{2717DB4C-7E94-4277-A880-FC2571096E74}"
EndProject
Project("{FAE04EC0-301F-11D3-BF4B-00C04F79EFBC}") = "Test.Loader.Hisense2017", "Test.Loader.Hisense2017\Test.Loader.Hisense2017.csproj", "{8D592EB4-3BE2-4D99-8923-FA0794C729ED}"
EndProject
Project("{FAE04EC0-301F-11D3-BF4B-00C04F79EFBC}") = "Test.Loader.PhilipsXml", "Test.Loader.PhilipsXml\Test.Loader.PhilipsXml.csproj", "{0A162099-DA92-426A-AB70-36F88F9E5DC1}"
EndProject
Project("{FAE04EC0-301F-11D3-BF4B-00C04F79EFBC}") = "Test.Loader.SamsungJ", "Test.Loader.SamsungJ\Test.Loader.SamsungJ.csproj", "{902EA731-EBB2-4B18-BE87-256C05277B3E}"
EndProject
Project("{FAE04EC0-301F-11D3-BF4B-00C04F79EFBC}") = "Test.Loader.SilvaSchneider", "Test.Loader.SilvaSchneider\Test.Loader.SilvaSchneider.csproj", "{C0528858-F32D-4C0C-8EC8-CEDB53C01402}"
EndProject
Project("{FAE04EC0-301F-11D3-BF4B-00C04F79EFBC}") = "Test.Loader.Sony", "Test.Loader.Sony\Test.Loader.Sony.csproj", "{F732435A-0188-456C-8F06-7FBA1842FB35}"
EndProject
Project("{FAE04EC0-301F-11D3-BF4B-00C04F79EFBC}") = "Test.Loader.Toshiba", "Test.Loader.Toshiba\Test.Loader.Toshiba.csproj", "{D7B71F40-C941-4364-A25F-8D41B384507A}"
EndProject
Project("{FAE04EC0-301F-11D3-BF4B-00C04F79EFBC}") = "Test.Loader.VDR", "Test.Loader.VDR\Test.Loader.VDR.csproj", "{AED060F0-495C-494C-89C2-7A96A0FA3762}"
EndProject
Global
	GlobalSection(SolutionConfigurationPlatforms) = preSolution
		Debug|Any CPU = Debug|Any CPU
		Debug|Mixed Platforms = Debug|Mixed Platforms
		Debug|x86 = Debug|x86
		Release|Any CPU = Release|Any CPU
		Release|Mixed Platforms = Release|Mixed Platforms
		Release|x86 = Release|x86
	EndGlobalSection
	GlobalSection(ProjectConfigurationPlatforms) = postSolution
		{5FAFDABC-A52F-498C-BD2F-AFFC4119797A}.Debug|Any CPU.ActiveCfg = Debug|Any CPU
		{5FAFDABC-A52F-498C-BD2F-AFFC4119797A}.Debug|Any CPU.Build.0 = Debug|Any CPU
		{5FAFDABC-A52F-498C-BD2F-AFFC4119797A}.Debug|Mixed Platforms.ActiveCfg = Debug|x86
		{5FAFDABC-A52F-498C-BD2F-AFFC4119797A}.Debug|Mixed Platforms.Build.0 = Debug|x86
		{5FAFDABC-A52F-498C-BD2F-AFFC4119797A}.Debug|x86.ActiveCfg = Debug|x86
		{5FAFDABC-A52F-498C-BD2F-AFFC4119797A}.Debug|x86.Build.0 = Debug|x86
		{5FAFDABC-A52F-498C-BD2F-AFFC4119797A}.Release|Any CPU.ActiveCfg = Release|Any CPU
		{5FAFDABC-A52F-498C-BD2F-AFFC4119797A}.Release|Any CPU.Build.0 = Release|Any CPU
		{5FAFDABC-A52F-498C-BD2F-AFFC4119797A}.Release|Mixed Platforms.ActiveCfg = Release|x86
		{5FAFDABC-A52F-498C-BD2F-AFFC4119797A}.Release|Mixed Platforms.Build.0 = Release|x86
		{5FAFDABC-A52F-498C-BD2F-AFFC4119797A}.Release|x86.ActiveCfg = Release|x86
		{5FAFDABC-A52F-498C-BD2F-AFFC4119797A}.Release|x86.Build.0 = Release|x86
		{DCCFFA08-472B-4D17-BB90-8F513FC01392}.Debug|Any CPU.ActiveCfg = Debug|Any CPU
		{DCCFFA08-472B-4D17-BB90-8F513FC01392}.Debug|Any CPU.Build.0 = Debug|Any CPU
		{DCCFFA08-472B-4D17-BB90-8F513FC01392}.Debug|Mixed Platforms.ActiveCfg = Debug|x86
		{DCCFFA08-472B-4D17-BB90-8F513FC01392}.Debug|Mixed Platforms.Build.0 = Debug|x86
		{DCCFFA08-472B-4D17-BB90-8F513FC01392}.Debug|x86.ActiveCfg = Debug|x86
		{DCCFFA08-472B-4D17-BB90-8F513FC01392}.Debug|x86.Build.0 = Debug|x86
		{DCCFFA08-472B-4D17-BB90-8F513FC01392}.Release|Any CPU.ActiveCfg = Release|Any CPU
		{DCCFFA08-472B-4D17-BB90-8F513FC01392}.Release|Any CPU.Build.0 = Release|Any CPU
		{DCCFFA08-472B-4D17-BB90-8F513FC01392}.Release|Mixed Platforms.ActiveCfg = Release|x86
		{DCCFFA08-472B-4D17-BB90-8F513FC01392}.Release|Mixed Platforms.Build.0 = Release|x86
		{DCCFFA08-472B-4D17-BB90-8F513FC01392}.Release|x86.ActiveCfg = Release|x86
		{DCCFFA08-472B-4D17-BB90-8F513FC01392}.Release|x86.Build.0 = Release|x86
		{E972D8A1-2F5F-421C-AC91-CFF45E5191BE}.Debug|Any CPU.ActiveCfg = Debug|Any CPU
		{E972D8A1-2F5F-421C-AC91-CFF45E5191BE}.Debug|Any CPU.Build.0 = Debug|Any CPU
		{E972D8A1-2F5F-421C-AC91-CFF45E5191BE}.Debug|Mixed Platforms.ActiveCfg = Debug|x86
		{E972D8A1-2F5F-421C-AC91-CFF45E5191BE}.Debug|Mixed Platforms.Build.0 = Debug|x86
		{E972D8A1-2F5F-421C-AC91-CFF45E5191BE}.Debug|x86.ActiveCfg = Debug|x86
		{E972D8A1-2F5F-421C-AC91-CFF45E5191BE}.Debug|x86.Build.0 = Debug|x86
		{E972D8A1-2F5F-421C-AC91-CFF45E5191BE}.Release|Any CPU.ActiveCfg = Release|Any CPU
		{E972D8A1-2F5F-421C-AC91-CFF45E5191BE}.Release|Any CPU.Build.0 = Release|Any CPU
		{E972D8A1-2F5F-421C-AC91-CFF45E5191BE}.Release|Mixed Platforms.ActiveCfg = Release|x86
		{E972D8A1-2F5F-421C-AC91-CFF45E5191BE}.Release|Mixed Platforms.Build.0 = Release|x86
		{E972D8A1-2F5F-421C-AC91-CFF45E5191BE}.Release|x86.ActiveCfg = Release|x86
		{E972D8A1-2F5F-421C-AC91-CFF45E5191BE}.Release|x86.Build.0 = Release|x86
		{68CFCB2F-B52A-43A1-AA5C-5D64A1D655D2}.Debug|Any CPU.ActiveCfg = Debug|Any CPU
		{68CFCB2F-B52A-43A1-AA5C-5D64A1D655D2}.Debug|Any CPU.Build.0 = Debug|Any CPU
		{68CFCB2F-B52A-43A1-AA5C-5D64A1D655D2}.Debug|Mixed Platforms.ActiveCfg = Debug|x86
		{68CFCB2F-B52A-43A1-AA5C-5D64A1D655D2}.Debug|Mixed Platforms.Build.0 = Debug|x86
		{68CFCB2F-B52A-43A1-AA5C-5D64A1D655D2}.Debug|x86.ActiveCfg = Debug|x86
		{68CFCB2F-B52A-43A1-AA5C-5D64A1D655D2}.Debug|x86.Build.0 = Debug|x86
		{68CFCB2F-B52A-43A1-AA5C-5D64A1D655D2}.Release|Any CPU.ActiveCfg = Release|Any CPU
		{68CFCB2F-B52A-43A1-AA5C-5D64A1D655D2}.Release|Any CPU.Build.0 = Release|Any CPU
		{68CFCB2F-B52A-43A1-AA5C-5D64A1D655D2}.Release|Mixed Platforms.ActiveCfg = Release|x86
		{68CFCB2F-B52A-43A1-AA5C-5D64A1D655D2}.Release|Mixed Platforms.Build.0 = Release|x86
		{68CFCB2F-B52A-43A1-AA5C-5D64A1D655D2}.Release|x86.ActiveCfg = Release|x86
		{68CFCB2F-B52A-43A1-AA5C-5D64A1D655D2}.Release|x86.Build.0 = Release|x86
		{A1C9A98D-368A-44E8-9B7F-7EACA46C9EC5}.Debug|Any CPU.ActiveCfg = Debug|Any CPU
		{A1C9A98D-368A-44E8-9B7F-7EACA46C9EC5}.Debug|Any CPU.Build.0 = Debug|Any CPU
		{A1C9A98D-368A-44E8-9B7F-7EACA46C9EC5}.Debug|Mixed Platforms.ActiveCfg = Debug|x86
		{A1C9A98D-368A-44E8-9B7F-7EACA46C9EC5}.Debug|Mixed Platforms.Build.0 = Debug|x86
		{A1C9A98D-368A-44E8-9B7F-7EACA46C9EC5}.Debug|x86.ActiveCfg = Debug|x86
		{A1C9A98D-368A-44E8-9B7F-7EACA46C9EC5}.Debug|x86.Build.0 = Debug|x86
		{A1C9A98D-368A-44E8-9B7F-7EACA46C9EC5}.Release|Any CPU.ActiveCfg = Release|Any CPU
		{A1C9A98D-368A-44E8-9B7F-7EACA46C9EC5}.Release|Any CPU.Build.0 = Release|Any CPU
		{A1C9A98D-368A-44E8-9B7F-7EACA46C9EC5}.Release|Mixed Platforms.ActiveCfg = Release|x86
		{A1C9A98D-368A-44E8-9B7F-7EACA46C9EC5}.Release|Mixed Platforms.Build.0 = Release|x86
		{A1C9A98D-368A-44E8-9B7F-7EACA46C9EC5}.Release|x86.ActiveCfg = Release|x86
		{A1C9A98D-368A-44E8-9B7F-7EACA46C9EC5}.Release|x86.Build.0 = Release|x86
		{F6F02792-07F1-48D5-9AF3-F945CA5E3931}.Debug|Any CPU.ActiveCfg = Debug|Any CPU
		{F6F02792-07F1-48D5-9AF3-F945CA5E3931}.Debug|Any CPU.Build.0 = Debug|Any CPU
		{F6F02792-07F1-48D5-9AF3-F945CA5E3931}.Debug|Mixed Platforms.ActiveCfg = Debug|x86
		{F6F02792-07F1-48D5-9AF3-F945CA5E3931}.Debug|Mixed Platforms.Build.0 = Debug|x86
		{F6F02792-07F1-48D5-9AF3-F945CA5E3931}.Debug|x86.ActiveCfg = Debug|x86
		{F6F02792-07F1-48D5-9AF3-F945CA5E3931}.Debug|x86.Build.0 = Debug|x86
		{F6F02792-07F1-48D5-9AF3-F945CA5E3931}.Release|Any CPU.ActiveCfg = Release|Any CPU
		{F6F02792-07F1-48D5-9AF3-F945CA5E3931}.Release|Any CPU.Build.0 = Release|Any CPU
		{F6F02792-07F1-48D5-9AF3-F945CA5E3931}.Release|Mixed Platforms.ActiveCfg = Release|x86
		{F6F02792-07F1-48D5-9AF3-F945CA5E3931}.Release|Mixed Platforms.Build.0 = Release|x86
		{F6F02792-07F1-48D5-9AF3-F945CA5E3931}.Release|x86.ActiveCfg = Release|x86
		{F6F02792-07F1-48D5-9AF3-F945CA5E3931}.Release|x86.Build.0 = Release|x86
		{68DA8072-3A29-4076-9F64-D66F38349585}.Debug|Any CPU.ActiveCfg = Debug|Any CPU
		{68DA8072-3A29-4076-9F64-D66F38349585}.Debug|Any CPU.Build.0 = Debug|Any CPU
		{68DA8072-3A29-4076-9F64-D66F38349585}.Debug|Mixed Platforms.ActiveCfg = Debug|x86
		{68DA8072-3A29-4076-9F64-D66F38349585}.Debug|Mixed Platforms.Build.0 = Debug|x86
		{68DA8072-3A29-4076-9F64-D66F38349585}.Debug|x86.ActiveCfg = Debug|x86
		{68DA8072-3A29-4076-9F64-D66F38349585}.Debug|x86.Build.0 = Debug|x86
		{68DA8072-3A29-4076-9F64-D66F38349585}.Release|Any CPU.ActiveCfg = Release|Any CPU
		{68DA8072-3A29-4076-9F64-D66F38349585}.Release|Any CPU.Build.0 = Release|Any CPU
		{68DA8072-3A29-4076-9F64-D66F38349585}.Release|Mixed Platforms.ActiveCfg = Release|x86
		{68DA8072-3A29-4076-9F64-D66F38349585}.Release|Mixed Platforms.Build.0 = Release|x86
		{68DA8072-3A29-4076-9F64-D66F38349585}.Release|x86.ActiveCfg = Release|x86
		{68DA8072-3A29-4076-9F64-D66F38349585}.Release|x86.Build.0 = Release|x86
		{F943DBFE-D3C3-4885-A38B-375148012FEC}.Debug|Any CPU.ActiveCfg = Debug|Any CPU
		{F943DBFE-D3C3-4885-A38B-375148012FEC}.Debug|Any CPU.Build.0 = Debug|Any CPU
		{F943DBFE-D3C3-4885-A38B-375148012FEC}.Debug|Mixed Platforms.ActiveCfg = Debug|x86
		{F943DBFE-D3C3-4885-A38B-375148012FEC}.Debug|Mixed Platforms.Build.0 = Debug|x86
		{F943DBFE-D3C3-4885-A38B-375148012FEC}.Debug|x86.ActiveCfg = Debug|x86
		{F943DBFE-D3C3-4885-A38B-375148012FEC}.Debug|x86.Build.0 = Debug|x86
		{F943DBFE-D3C3-4885-A38B-375148012FEC}.Release|Any CPU.ActiveCfg = Release|Any CPU
		{F943DBFE-D3C3-4885-A38B-375148012FEC}.Release|Any CPU.Build.0 = Release|Any CPU
		{F943DBFE-D3C3-4885-A38B-375148012FEC}.Release|Mixed Platforms.ActiveCfg = Release|x86
		{F943DBFE-D3C3-4885-A38B-375148012FEC}.Release|Mixed Platforms.Build.0 = Release|x86
		{F943DBFE-D3C3-4885-A38B-375148012FEC}.Release|x86.ActiveCfg = Release|x86
		{F943DBFE-D3C3-4885-A38B-375148012FEC}.Release|x86.Build.0 = Release|x86
		{74A18C6F-09FF-413E-90D9-827066FA5B36}.Debug|Any CPU.ActiveCfg = Debug|Any CPU
		{74A18C6F-09FF-413E-90D9-827066FA5B36}.Debug|Any CPU.Build.0 = Debug|Any CPU
		{74A18C6F-09FF-413E-90D9-827066FA5B36}.Debug|Mixed Platforms.ActiveCfg = Debug|x86
		{74A18C6F-09FF-413E-90D9-827066FA5B36}.Debug|Mixed Platforms.Build.0 = Debug|x86
		{74A18C6F-09FF-413E-90D9-827066FA5B36}.Debug|x86.ActiveCfg = Debug|x86
		{74A18C6F-09FF-413E-90D9-827066FA5B36}.Debug|x86.Build.0 = Debug|x86
		{74A18C6F-09FF-413E-90D9-827066FA5B36}.Release|Any CPU.ActiveCfg = Release|Any CPU
		{74A18C6F-09FF-413E-90D9-827066FA5B36}.Release|Any CPU.Build.0 = Release|Any CPU
		{74A18C6F-09FF-413E-90D9-827066FA5B36}.Release|Mixed Platforms.ActiveCfg = Release|x86
		{74A18C6F-09FF-413E-90D9-827066FA5B36}.Release|Mixed Platforms.Build.0 = Release|x86
		{74A18C6F-09FF-413E-90D9-827066FA5B36}.Release|x86.ActiveCfg = Release|x86
		{74A18C6F-09FF-413E-90D9-827066FA5B36}.Release|x86.Build.0 = Release|x86
		{5361C8CB-F737-4709-AF8C-E1F0456F3C5B}.Debug|Any CPU.ActiveCfg = Debug|Any CPU
		{5361C8CB-F737-4709-AF8C-E1F0456F3C5B}.Debug|Any CPU.Build.0 = Debug|Any CPU
		{5361C8CB-F737-4709-AF8C-E1F0456F3C5B}.Debug|Mixed Platforms.ActiveCfg = Debug|Any CPU
		{5361C8CB-F737-4709-AF8C-E1F0456F3C5B}.Debug|Mixed Platforms.Build.0 = Debug|Any CPU
		{5361C8CB-F737-4709-AF8C-E1F0456F3C5B}.Debug|x86.ActiveCfg = Debug|x86
		{5361C8CB-F737-4709-AF8C-E1F0456F3C5B}.Debug|x86.Build.0 = Debug|x86
		{5361C8CB-F737-4709-AF8C-E1F0456F3C5B}.Release|Any CPU.ActiveCfg = Release|Any CPU
		{5361C8CB-F737-4709-AF8C-E1F0456F3C5B}.Release|Any CPU.Build.0 = Release|Any CPU
		{5361C8CB-F737-4709-AF8C-E1F0456F3C5B}.Release|Mixed Platforms.ActiveCfg = Release|Any CPU
		{5361C8CB-F737-4709-AF8C-E1F0456F3C5B}.Release|Mixed Platforms.Build.0 = Release|Any CPU
		{5361C8CB-F737-4709-AF8C-E1F0456F3C5B}.Release|x86.ActiveCfg = Release|x86
		{5361C8CB-F737-4709-AF8C-E1F0456F3C5B}.Release|x86.Build.0 = Release|x86
		{33897002-0537-49A4-B963-A18D17311B3D}.Debug|Any CPU.ActiveCfg = Debug|Any CPU
		{33897002-0537-49A4-B963-A18D17311B3D}.Debug|Any CPU.Build.0 = Debug|Any CPU
		{33897002-0537-49A4-B963-A18D17311B3D}.Debug|Mixed Platforms.ActiveCfg = Debug|x86
		{33897002-0537-49A4-B963-A18D17311B3D}.Debug|Mixed Platforms.Build.0 = Debug|x86
		{33897002-0537-49A4-B963-A18D17311B3D}.Debug|x86.ActiveCfg = Debug|x86
		{33897002-0537-49A4-B963-A18D17311B3D}.Debug|x86.Build.0 = Debug|x86
		{33897002-0537-49A4-B963-A18D17311B3D}.Release|Any CPU.ActiveCfg = Release|Any CPU
		{33897002-0537-49A4-B963-A18D17311B3D}.Release|Any CPU.Build.0 = Release|Any CPU
		{33897002-0537-49A4-B963-A18D17311B3D}.Release|Mixed Platforms.ActiveCfg = Release|x86
		{33897002-0537-49A4-B963-A18D17311B3D}.Release|Mixed Platforms.Build.0 = Release|x86
		{33897002-0537-49A4-B963-A18D17311B3D}.Release|x86.ActiveCfg = Release|x86
		{33897002-0537-49A4-B963-A18D17311B3D}.Release|x86.Build.0 = Release|x86
		{D093E7EE-D3AD-4E7B-AF82-C6918CA017FB}.Debug|Any CPU.ActiveCfg = Debug|Any CPU
		{D093E7EE-D3AD-4E7B-AF82-C6918CA017FB}.Debug|Any CPU.Build.0 = Debug|Any CPU
		{D093E7EE-D3AD-4E7B-AF82-C6918CA017FB}.Debug|Mixed Platforms.ActiveCfg = Debug|Any CPU
		{D093E7EE-D3AD-4E7B-AF82-C6918CA017FB}.Debug|Mixed Platforms.Build.0 = Debug|Any CPU
		{D093E7EE-D3AD-4E7B-AF82-C6918CA017FB}.Debug|x86.ActiveCfg = Debug|x86
		{D093E7EE-D3AD-4E7B-AF82-C6918CA017FB}.Debug|x86.Build.0 = Debug|x86
		{D093E7EE-D3AD-4E7B-AF82-C6918CA017FB}.Release|Any CPU.ActiveCfg = Release|Any CPU
		{D093E7EE-D3AD-4E7B-AF82-C6918CA017FB}.Release|Any CPU.Build.0 = Release|Any CPU
		{D093E7EE-D3AD-4E7B-AF82-C6918CA017FB}.Release|Mixed Platforms.ActiveCfg = Release|Any CPU
		{D093E7EE-D3AD-4E7B-AF82-C6918CA017FB}.Release|Mixed Platforms.Build.0 = Release|Any CPU
		{D093E7EE-D3AD-4E7B-AF82-C6918CA017FB}.Release|x86.ActiveCfg = Release|x86
		{D093E7EE-D3AD-4E7B-AF82-C6918CA017FB}.Release|x86.Build.0 = Release|x86
		{1ED68A9B-6698-4609-B9E6-8E08B6055F2E}.Debug|Any CPU.ActiveCfg = Debug|Any CPU
		{1ED68A9B-6698-4609-B9E6-8E08B6055F2E}.Debug|Any CPU.Build.0 = Debug|Any CPU
		{1ED68A9B-6698-4609-B9E6-8E08B6055F2E}.Debug|Mixed Platforms.ActiveCfg = Debug|Any CPU
		{1ED68A9B-6698-4609-B9E6-8E08B6055F2E}.Debug|Mixed Platforms.Build.0 = Debug|Any CPU
		{1ED68A9B-6698-4609-B9E6-8E08B6055F2E}.Debug|x86.ActiveCfg = Debug|x86
		{1ED68A9B-6698-4609-B9E6-8E08B6055F2E}.Debug|x86.Build.0 = Debug|x86
		{1ED68A9B-6698-4609-B9E6-8E08B6055F2E}.Release|Any CPU.ActiveCfg = Release|Any CPU
		{1ED68A9B-6698-4609-B9E6-8E08B6055F2E}.Release|Any CPU.Build.0 = Release|Any CPU
		{1ED68A9B-6698-4609-B9E6-8E08B6055F2E}.Release|Mixed Platforms.ActiveCfg = Release|Any CPU
		{1ED68A9B-6698-4609-B9E6-8E08B6055F2E}.Release|Mixed Platforms.Build.0 = Release|Any CPU
		{1ED68A9B-6698-4609-B9E6-8E08B6055F2E}.Release|x86.ActiveCfg = Release|x86
		{1ED68A9B-6698-4609-B9E6-8E08B6055F2E}.Release|x86.Build.0 = Release|x86
		{9282E1DB-CD1F-400A-ACA1-17E0C4562ACF}.Debug|Any CPU.ActiveCfg = Debug|Any CPU
		{9282E1DB-CD1F-400A-ACA1-17E0C4562ACF}.Debug|Any CPU.Build.0 = Debug|Any CPU
		{9282E1DB-CD1F-400A-ACA1-17E0C4562ACF}.Debug|Mixed Platforms.ActiveCfg = Debug|x86
		{9282E1DB-CD1F-400A-ACA1-17E0C4562ACF}.Debug|Mixed Platforms.Build.0 = Debug|x86
		{9282E1DB-CD1F-400A-ACA1-17E0C4562ACF}.Debug|x86.ActiveCfg = Debug|x86
		{9282E1DB-CD1F-400A-ACA1-17E0C4562ACF}.Debug|x86.Build.0 = Debug|x86
		{9282E1DB-CD1F-400A-ACA1-17E0C4562ACF}.Release|Any CPU.ActiveCfg = Release|Any CPU
		{9282E1DB-CD1F-400A-ACA1-17E0C4562ACF}.Release|Any CPU.Build.0 = Release|Any CPU
		{9282E1DB-CD1F-400A-ACA1-17E0C4562ACF}.Release|Mixed Platforms.ActiveCfg = Release|x86
		{9282E1DB-CD1F-400A-ACA1-17E0C4562ACF}.Release|Mixed Platforms.Build.0 = Release|x86
		{9282E1DB-CD1F-400A-ACA1-17E0C4562ACF}.Release|x86.ActiveCfg = Release|x86
		{9282E1DB-CD1F-400A-ACA1-17E0C4562ACF}.Release|x86.Build.0 = Release|x86
		{E6279FF8-362A-41E6-AC0D-D0861D43F01C}.Debug|Any CPU.ActiveCfg = Debug|Any CPU
		{E6279FF8-362A-41E6-AC0D-D0861D43F01C}.Debug|Any CPU.Build.0 = Debug|Any CPU
		{E6279FF8-362A-41E6-AC0D-D0861D43F01C}.Debug|Mixed Platforms.ActiveCfg = Debug|Any CPU
		{E6279FF8-362A-41E6-AC0D-D0861D43F01C}.Debug|Mixed Platforms.Build.0 = Debug|Any CPU
		{E6279FF8-362A-41E6-AC0D-D0861D43F01C}.Debug|x86.ActiveCfg = Debug|x86
		{E6279FF8-362A-41E6-AC0D-D0861D43F01C}.Debug|x86.Build.0 = Debug|x86
		{E6279FF8-362A-41E6-AC0D-D0861D43F01C}.Release|Any CPU.ActiveCfg = Release|Any CPU
		{E6279FF8-362A-41E6-AC0D-D0861D43F01C}.Release|Any CPU.Build.0 = Release|Any CPU
		{E6279FF8-362A-41E6-AC0D-D0861D43F01C}.Release|Mixed Platforms.ActiveCfg = Release|Any CPU
		{E6279FF8-362A-41E6-AC0D-D0861D43F01C}.Release|Mixed Platforms.Build.0 = Release|Any CPU
		{E6279FF8-362A-41E6-AC0D-D0861D43F01C}.Release|x86.ActiveCfg = Release|x86
		{E6279FF8-362A-41E6-AC0D-D0861D43F01C}.Release|x86.Build.0 = Release|x86
		{70E29C6B-B926-4859-9548-23375BF1E1B5}.Debug|Any CPU.ActiveCfg = Debug|Any CPU
		{70E29C6B-B926-4859-9548-23375BF1E1B5}.Debug|Any CPU.Build.0 = Debug|Any CPU
		{70E29C6B-B926-4859-9548-23375BF1E1B5}.Debug|Mixed Platforms.ActiveCfg = Debug|Any CPU
		{70E29C6B-B926-4859-9548-23375BF1E1B5}.Debug|Mixed Platforms.Build.0 = Debug|Any CPU
		{70E29C6B-B926-4859-9548-23375BF1E1B5}.Debug|x86.ActiveCfg = Debug|x86
		{70E29C6B-B926-4859-9548-23375BF1E1B5}.Debug|x86.Build.0 = Debug|x86
		{70E29C6B-B926-4859-9548-23375BF1E1B5}.Release|Any CPU.ActiveCfg = Release|Any CPU
		{70E29C6B-B926-4859-9548-23375BF1E1B5}.Release|Any CPU.Build.0 = Release|Any CPU
		{70E29C6B-B926-4859-9548-23375BF1E1B5}.Release|Mixed Platforms.ActiveCfg = Release|Any CPU
		{70E29C6B-B926-4859-9548-23375BF1E1B5}.Release|Mixed Platforms.Build.0 = Release|Any CPU
		{70E29C6B-B926-4859-9548-23375BF1E1B5}.Release|x86.ActiveCfg = Release|x86
		{70E29C6B-B926-4859-9548-23375BF1E1B5}.Release|x86.Build.0 = Release|x86
		{D7BAFD55-50F5-46C3-A76B-2193BED5358F}.Debug|Any CPU.ActiveCfg = Debug|Any CPU
		{D7BAFD55-50F5-46C3-A76B-2193BED5358F}.Debug|Any CPU.Build.0 = Debug|Any CPU
		{D7BAFD55-50F5-46C3-A76B-2193BED5358F}.Debug|Mixed Platforms.ActiveCfg = Debug|Any CPU
		{D7BAFD55-50F5-46C3-A76B-2193BED5358F}.Debug|Mixed Platforms.Build.0 = Debug|Any CPU
		{D7BAFD55-50F5-46C3-A76B-2193BED5358F}.Debug|x86.ActiveCfg = Debug|x86
		{D7BAFD55-50F5-46C3-A76B-2193BED5358F}.Debug|x86.Build.0 = Debug|x86
		{D7BAFD55-50F5-46C3-A76B-2193BED5358F}.Release|Any CPU.ActiveCfg = Release|Any CPU
		{D7BAFD55-50F5-46C3-A76B-2193BED5358F}.Release|Any CPU.Build.0 = Release|Any CPU
		{D7BAFD55-50F5-46C3-A76B-2193BED5358F}.Release|Mixed Platforms.ActiveCfg = Release|Any CPU
		{D7BAFD55-50F5-46C3-A76B-2193BED5358F}.Release|Mixed Platforms.Build.0 = Release|Any CPU
		{D7BAFD55-50F5-46C3-A76B-2193BED5358F}.Release|x86.ActiveCfg = Release|x86
		{D7BAFD55-50F5-46C3-A76B-2193BED5358F}.Release|x86.Build.0 = Release|x86
		{AA31A65D-9437-42AE-89C8-98C7392B450D}.Debug|Any CPU.ActiveCfg = Debug|Any CPU
		{AA31A65D-9437-42AE-89C8-98C7392B450D}.Debug|Any CPU.Build.0 = Debug|Any CPU
		{AA31A65D-9437-42AE-89C8-98C7392B450D}.Debug|Mixed Platforms.ActiveCfg = Debug|Any CPU
		{AA31A65D-9437-42AE-89C8-98C7392B450D}.Debug|Mixed Platforms.Build.0 = Debug|Any CPU
		{AA31A65D-9437-42AE-89C8-98C7392B450D}.Debug|x86.ActiveCfg = Debug|x86
		{AA31A65D-9437-42AE-89C8-98C7392B450D}.Debug|x86.Build.0 = Debug|x86
		{AA31A65D-9437-42AE-89C8-98C7392B450D}.Release|Any CPU.ActiveCfg = Release|Any CPU
		{AA31A65D-9437-42AE-89C8-98C7392B450D}.Release|Any CPU.Build.0 = Release|Any CPU
		{AA31A65D-9437-42AE-89C8-98C7392B450D}.Release|Mixed Platforms.ActiveCfg = Release|Any CPU
		{AA31A65D-9437-42AE-89C8-98C7392B450D}.Release|Mixed Platforms.Build.0 = Release|Any CPU
		{AA31A65D-9437-42AE-89C8-98C7392B450D}.Release|x86.ActiveCfg = Release|x86
		{AA31A65D-9437-42AE-89C8-98C7392B450D}.Release|x86.Build.0 = Release|x86
		{D1E4454F-DB09-402D-AD87-1E3BD17266A9}.Debug|Any CPU.ActiveCfg = Debug|Any CPU
		{D1E4454F-DB09-402D-AD87-1E3BD17266A9}.Debug|Any CPU.Build.0 = Debug|Any CPU
		{D1E4454F-DB09-402D-AD87-1E3BD17266A9}.Debug|Mixed Platforms.ActiveCfg = Debug|Any CPU
		{D1E4454F-DB09-402D-AD87-1E3BD17266A9}.Debug|Mixed Platforms.Build.0 = Debug|Any CPU
		{D1E4454F-DB09-402D-AD87-1E3BD17266A9}.Debug|x86.ActiveCfg = Debug|x86
		{D1E4454F-DB09-402D-AD87-1E3BD17266A9}.Debug|x86.Build.0 = Debug|x86
		{D1E4454F-DB09-402D-AD87-1E3BD17266A9}.Release|Any CPU.ActiveCfg = Release|Any CPU
		{D1E4454F-DB09-402D-AD87-1E3BD17266A9}.Release|Any CPU.Build.0 = Release|Any CPU
		{D1E4454F-DB09-402D-AD87-1E3BD17266A9}.Release|Mixed Platforms.ActiveCfg = Release|Any CPU
		{D1E4454F-DB09-402D-AD87-1E3BD17266A9}.Release|Mixed Platforms.Build.0 = Release|Any CPU
		{D1E4454F-DB09-402D-AD87-1E3BD17266A9}.Release|x86.ActiveCfg = Release|x86
		{D1E4454F-DB09-402D-AD87-1E3BD17266A9}.Release|x86.Build.0 = Release|x86
		{2717DB4C-7E94-4277-A880-FC2571096E74}.Debug|Any CPU.ActiveCfg = Debug|Any CPU
		{2717DB4C-7E94-4277-A880-FC2571096E74}.Debug|Any CPU.Build.0 = Debug|Any CPU
		{2717DB4C-7E94-4277-A880-FC2571096E74}.Debug|Mixed Platforms.ActiveCfg = Debug|Any CPU
		{2717DB4C-7E94-4277-A880-FC2571096E74}.Debug|Mixed Platforms.Build.0 = Debug|Any CPU
		{2717DB4C-7E94-4277-A880-FC2571096E74}.Debug|x86.ActiveCfg = Debug|x86
		{2717DB4C-7E94-4277-A880-FC2571096E74}.Debug|x86.Build.0 = Debug|x86
		{2717DB4C-7E94-4277-A880-FC2571096E74}.Release|Any CPU.ActiveCfg = Release|Any CPU
		{2717DB4C-7E94-4277-A880-FC2571096E74}.Release|Any CPU.Build.0 = Release|Any CPU
		{2717DB4C-7E94-4277-A880-FC2571096E74}.Release|Mixed Platforms.ActiveCfg = Release|Any CPU
		{2717DB4C-7E94-4277-A880-FC2571096E74}.Release|Mixed Platforms.Build.0 = Release|Any CPU
		{2717DB4C-7E94-4277-A880-FC2571096E74}.Release|x86.ActiveCfg = Release|x86
		{2717DB4C-7E94-4277-A880-FC2571096E74}.Release|x86.Build.0 = Release|x86
		{8D592EB4-3BE2-4D99-8923-FA0794C729ED}.Debug|Any CPU.ActiveCfg = Debug|Any CPU
		{8D592EB4-3BE2-4D99-8923-FA0794C729ED}.Debug|Any CPU.Build.0 = Debug|Any CPU
		{8D592EB4-3BE2-4D99-8923-FA0794C729ED}.Debug|Mixed Platforms.ActiveCfg = Debug|Any CPU
		{8D592EB4-3BE2-4D99-8923-FA0794C729ED}.Debug|Mixed Platforms.Build.0 = Debug|Any CPU
		{8D592EB4-3BE2-4D99-8923-FA0794C729ED}.Debug|x86.ActiveCfg = Debug|x86
		{8D592EB4-3BE2-4D99-8923-FA0794C729ED}.Debug|x86.Build.0 = Debug|x86
		{8D592EB4-3BE2-4D99-8923-FA0794C729ED}.Release|Any CPU.ActiveCfg = Release|Any CPU
		{8D592EB4-3BE2-4D99-8923-FA0794C729ED}.Release|Any CPU.Build.0 = Release|Any CPU
		{8D592EB4-3BE2-4D99-8923-FA0794C729ED}.Release|Mixed Platforms.ActiveCfg = Release|Any CPU
		{8D592EB4-3BE2-4D99-8923-FA0794C729ED}.Release|Mixed Platforms.Build.0 = Release|Any CPU
		{8D592EB4-3BE2-4D99-8923-FA0794C729ED}.Release|x86.ActiveCfg = Release|x86
		{8D592EB4-3BE2-4D99-8923-FA0794C729ED}.Release|x86.Build.0 = Release|x86
		{0A162099-DA92-426A-AB70-36F88F9E5DC1}.Debug|Any CPU.ActiveCfg = Debug|Any CPU
		{0A162099-DA92-426A-AB70-36F88F9E5DC1}.Debug|Any CPU.Build.0 = Debug|Any CPU
		{0A162099-DA92-426A-AB70-36F88F9E5DC1}.Debug|Mixed Platforms.ActiveCfg = Debug|Any CPU
		{0A162099-DA92-426A-AB70-36F88F9E5DC1}.Debug|Mixed Platforms.Build.0 = Debug|Any CPU
		{0A162099-DA92-426A-AB70-36F88F9E5DC1}.Debug|x86.ActiveCfg = Debug|x86
		{0A162099-DA92-426A-AB70-36F88F9E5DC1}.Debug|x86.Build.0 = Debug|x86
		{0A162099-DA92-426A-AB70-36F88F9E5DC1}.Release|Any CPU.ActiveCfg = Release|Any CPU
		{0A162099-DA92-426A-AB70-36F88F9E5DC1}.Release|Any CPU.Build.0 = Release|Any CPU
		{0A162099-DA92-426A-AB70-36F88F9E5DC1}.Release|Mixed Platforms.ActiveCfg = Release|Any CPU
		{0A162099-DA92-426A-AB70-36F88F9E5DC1}.Release|Mixed Platforms.Build.0 = Release|Any CPU
		{0A162099-DA92-426A-AB70-36F88F9E5DC1}.Release|x86.ActiveCfg = Release|x86
		{0A162099-DA92-426A-AB70-36F88F9E5DC1}.Release|x86.Build.0 = Release|x86
		{902EA731-EBB2-4B18-BE87-256C05277B3E}.Debug|Any CPU.ActiveCfg = Debug|Any CPU
		{902EA731-EBB2-4B18-BE87-256C05277B3E}.Debug|Any CPU.Build.0 = Debug|Any CPU
		{902EA731-EBB2-4B18-BE87-256C05277B3E}.Debug|Mixed Platforms.ActiveCfg = Debug|Any CPU
		{902EA731-EBB2-4B18-BE87-256C05277B3E}.Debug|Mixed Platforms.Build.0 = Debug|Any CPU
		{902EA731-EBB2-4B18-BE87-256C05277B3E}.Debug|x86.ActiveCfg = Debug|x86
		{902EA731-EBB2-4B18-BE87-256C05277B3E}.Debug|x86.Build.0 = Debug|x86
		{902EA731-EBB2-4B18-BE87-256C05277B3E}.Release|Any CPU.ActiveCfg = Release|Any CPU
		{902EA731-EBB2-4B18-BE87-256C05277B3E}.Release|Any CPU.Build.0 = Release|Any CPU
		{902EA731-EBB2-4B18-BE87-256C05277B3E}.Release|Mixed Platforms.ActiveCfg = Release|Any CPU
		{902EA731-EBB2-4B18-BE87-256C05277B3E}.Release|Mixed Platforms.Build.0 = Release|Any CPU
		{902EA731-EBB2-4B18-BE87-256C05277B3E}.Release|x86.ActiveCfg = Release|x86
		{902EA731-EBB2-4B18-BE87-256C05277B3E}.Release|x86.Build.0 = Release|x86
		{C0528858-F32D-4C0C-8EC8-CEDB53C01402}.Debug|Any CPU.ActiveCfg = Debug|Any CPU
		{C0528858-F32D-4C0C-8EC8-CEDB53C01402}.Debug|Any CPU.Build.0 = Debug|Any CPU
		{C0528858-F32D-4C0C-8EC8-CEDB53C01402}.Debug|Mixed Platforms.ActiveCfg = Debug|Any CPU
		{C0528858-F32D-4C0C-8EC8-CEDB53C01402}.Debug|Mixed Platforms.Build.0 = Debug|Any CPU
		{C0528858-F32D-4C0C-8EC8-CEDB53C01402}.Debug|x86.ActiveCfg = Debug|x86
		{C0528858-F32D-4C0C-8EC8-CEDB53C01402}.Debug|x86.Build.0 = Debug|x86
		{C0528858-F32D-4C0C-8EC8-CEDB53C01402}.Release|Any CPU.ActiveCfg = Release|Any CPU
		{C0528858-F32D-4C0C-8EC8-CEDB53C01402}.Release|Any CPU.Build.0 = Release|Any CPU
		{C0528858-F32D-4C0C-8EC8-CEDB53C01402}.Release|Mixed Platforms.ActiveCfg = Release|Any CPU
		{C0528858-F32D-4C0C-8EC8-CEDB53C01402}.Release|Mixed Platforms.Build.0 = Release|Any CPU
		{C0528858-F32D-4C0C-8EC8-CEDB53C01402}.Release|x86.ActiveCfg = Release|x86
		{C0528858-F32D-4C0C-8EC8-CEDB53C01402}.Release|x86.Build.0 = Release|x86
		{F732435A-0188-456C-8F06-7FBA1842FB35}.Debug|Any CPU.ActiveCfg = Debug|Any CPU
		{F732435A-0188-456C-8F06-7FBA1842FB35}.Debug|Any CPU.Build.0 = Debug|Any CPU
		{F732435A-0188-456C-8F06-7FBA1842FB35}.Debug|Mixed Platforms.ActiveCfg = Debug|Any CPU
		{F732435A-0188-456C-8F06-7FBA1842FB35}.Debug|Mixed Platforms.Build.0 = Debug|Any CPU
		{F732435A-0188-456C-8F06-7FBA1842FB35}.Debug|x86.ActiveCfg = Debug|x86
		{F732435A-0188-456C-8F06-7FBA1842FB35}.Debug|x86.Build.0 = Debug|x86
		{F732435A-0188-456C-8F06-7FBA1842FB35}.Release|Any CPU.ActiveCfg = Release|Any CPU
		{F732435A-0188-456C-8F06-7FBA1842FB35}.Release|Any CPU.Build.0 = Release|Any CPU
		{F732435A-0188-456C-8F06-7FBA1842FB35}.Release|Mixed Platforms.ActiveCfg = Release|Any CPU
		{F732435A-0188-456C-8F06-7FBA1842FB35}.Release|Mixed Platforms.Build.0 = Release|Any CPU
		{F732435A-0188-456C-8F06-7FBA1842FB35}.Release|x86.ActiveCfg = Release|x86
		{F732435A-0188-456C-8F06-7FBA1842FB35}.Release|x86.Build.0 = Release|x86
		{D7B71F40-C941-4364-A25F-8D41B384507A}.Debug|Any CPU.ActiveCfg = Debug|Any CPU
		{D7B71F40-C941-4364-A25F-8D41B384507A}.Debug|Any CPU.Build.0 = Debug|Any CPU
		{D7B71F40-C941-4364-A25F-8D41B384507A}.Debug|Mixed Platforms.ActiveCfg = Debug|Any CPU
		{D7B71F40-C941-4364-A25F-8D41B384507A}.Debug|Mixed Platforms.Build.0 = Debug|Any CPU
		{D7B71F40-C941-4364-A25F-8D41B384507A}.Debug|x86.ActiveCfg = Debug|x86
		{D7B71F40-C941-4364-A25F-8D41B384507A}.Debug|x86.Build.0 = Debug|x86
		{D7B71F40-C941-4364-A25F-8D41B384507A}.Release|Any CPU.ActiveCfg = Release|Any CPU
		{D7B71F40-C941-4364-A25F-8D41B384507A}.Release|Any CPU.Build.0 = Release|Any CPU
		{D7B71F40-C941-4364-A25F-8D41B384507A}.Release|Mixed Platforms.ActiveCfg = Release|Any CPU
		{D7B71F40-C941-4364-A25F-8D41B384507A}.Release|Mixed Platforms.Build.0 = Release|Any CPU
		{D7B71F40-C941-4364-A25F-8D41B384507A}.Release|x86.ActiveCfg = Release|x86
		{D7B71F40-C941-4364-A25F-8D41B384507A}.Release|x86.Build.0 = Release|x86
		{AED060F0-495C-494C-89C2-7A96A0FA3762}.Debug|Any CPU.ActiveCfg = Debug|Any CPU
		{AED060F0-495C-494C-89C2-7A96A0FA3762}.Debug|Any CPU.Build.0 = Debug|Any CPU
		{AED060F0-495C-494C-89C2-7A96A0FA3762}.Debug|Mixed Platforms.ActiveCfg = Debug|Any CPU
		{AED060F0-495C-494C-89C2-7A96A0FA3762}.Debug|Mixed Platforms.Build.0 = Debug|Any CPU
		{AED060F0-495C-494C-89C2-7A96A0FA3762}.Debug|x86.ActiveCfg = Debug|x86
		{AED060F0-495C-494C-89C2-7A96A0FA3762}.Debug|x86.Build.0 = Debug|x86
		{AED060F0-495C-494C-89C2-7A96A0FA3762}.Release|Any CPU.ActiveCfg = Release|Any CPU
		{AED060F0-495C-494C-89C2-7A96A0FA3762}.Release|Any CPU.Build.0 = Release|Any CPU
		{AED060F0-495C-494C-89C2-7A96A0FA3762}.Release|Mixed Platforms.ActiveCfg = Release|Any CPU
		{AED060F0-495C-494C-89C2-7A96A0FA3762}.Release|Mixed Platforms.Build.0 = Release|Any CPU
		{AED060F0-495C-494C-89C2-7A96A0FA3762}.Release|x86.ActiveCfg = Release|x86
		{AED060F0-495C-494C-89C2-7A96A0FA3762}.Release|x86.Build.0 = Release|x86
	EndGlobalSection
	GlobalSection(SolutionProperties) = preSolution
		HideSolutionNode = FALSE
	EndGlobalSection
	GlobalSection(ExtensibilityGlobals) = postSolution
		SolutionGuid = {BBF1F6CB-9445-4F6C-A69A-15C4DA246814}
	EndGlobalSection
EndGlobal
